
Microsoft Visual Studio Solution File, Format Version 12.00
# Visual Studio Version 17
VisualStudioVersion = 17.11.35327.3
MinimumVisualStudioVersion = 10.0.40219.1
Project("{FAE04EC0-301F-11D3-BF4B-00C04F79EFBC}") = "Tangonet.Realtime.Transaction.WebApi", "Tangonet.Realtime.Transaction.WebApi\Tangonet.Realtime.Transaction.WebApi.csproj", "{43E42DF0-FE30-422A-9FC1-0CED2796DA44}"
EndProject
Global
	GlobalSection(SolutionConfigurationPlatforms) = preSolution
		Debug|Any CPU = Debug|Any CPU
		Release|Any CPU = Release|Any CPU
	EndGlobalSection
	GlobalSection(ProjectConfigurationPlatforms) = postSolution
		{43E42DF0-FE30-422A-9FC1-0CED2796DA44}.Debug|Any CPU.ActiveCfg = Debug|Any CPU
		{43E42DF0-FE30-422A-9FC1-0CED2796DA44}.Debug|Any CPU.Build.0 = Debug|Any CPU
		{43E42DF0-FE30-422A-9FC1-0CED2796DA44}.Release|Any CPU.ActiveCfg = Release|Any CPU
		{43E42DF0-FE30-422A-9FC1-0CED2796DA44}.Release|Any CPU.Build.0 = Release|Any CPU
	EndGlobalSection
	GlobalSection(SolutionProperties) = preSolution
		HideSolutionNode = FALSE
	EndGlobalSection
	GlobalSection(ExtensibilityGlobals) = postSolution
		SolutionGuid = {D6D1EF30-6013-47C2-A742-ECE999FDA8C8}
	EndGlobalSection
EndGlobal
